
Microsoft Visual Studio Solution File, Format Version 12.00
# Visual Studio Version 16
VisualStudioVersion = 16.0.32510.428
MinimumVisualStudioVersion = 10.0.40219.1
Project("{FAE04EC0-301F-11D3-BF4B-00C04F79EFBC}") = "整体窗体测试项目", "整体窗体测试项目\整体窗体测试项目.csproj", "{C9A4F13E-9F34-446D-85ED-E36C15FA23A4}"
EndProject
Global
	GlobalSection(SolutionConfigurationPlatforms) = preSolution
		Debug|Any CPU = Debug|Any CPU
		Release|Any CPU = Release|Any CPU
	EndGlobalSection
	GlobalSection(ProjectConfigurationPlatforms) = postSolution
		{C9A4F13E-9F34-446D-85ED-E36C15FA23A4}.Debug|Any CPU.ActiveCfg = Debug|Any CPU
		{C9A4F13E-9F34-446D-85ED-E36C15FA23A4}.Debug|Any CPU.Build.0 = Debug|Any CPU
		{C9A4F13E-9F34-446D-85ED-E36C15FA23A4}.Release|Any CPU.ActiveCfg = Release|Any CPU
		{C9A4F13E-9F34-446D-85ED-E36C15FA23A4}.Release|Any CPU.Build.0 = Release|Any CPU
	EndGlobalSection
	GlobalSection(SolutionProperties) = preSolution
		HideSolutionNode = FALSE
	EndGlobalSection
	GlobalSection(ExtensibilityGlobals) = postSolution
		SolutionGuid = {757D0622-7E1D-4912-A0B4-A918EB4B3B70}
	EndGlobalSection
EndGlobal
